
Microsoft Visual Studio Solution File, Format Version 12.00
# Visual Studio Version 16
VisualStudioVersion = 16.0.29319.158
MinimumVisualStudioVersion = 10.0.40219.1
Project("{2150E333-8FDC-42A3-9474-1A3956D46DE8}") = "Profiler", "Profiler", "{2DA49378-22DB-4B89-8BD0-B978839DA248}"
EndProject
Project("{2150E333-8FDC-42A3-9474-1A3956D46DE8}") = "Apps", "Apps", "{1FF207C9-148F-4B2E-BF07-5CAC24E79551}"
EndProject
Project("{8BC9CEB8-8B4A-11D0-8D11-00A0C91BC942}") = "DotNext.Profiler.Shared", "DotNext.Profiler.Shared\DotNext.Profiler.Shared.vcxitems", "{40514DD4-9712-449F-8571-EC4E6FD2EB31}"
EndProject
Project("{8BC9CEB8-8B4A-11D0-8D11-00A0C91BC942}") = "DotNext.Profiler.Windows", "DotNext.Profiler.Windows\DotNext.Profiler.Windows.vcxproj", "{5FF8787B-1E42-4F50-967C-4A7506577009}"
EndProject
Project("{8BC9CEB8-8B4A-11D0-8D11-00A0C91BC942}") = "DotNext.Profiler.Linux", "DotNext.Profiler.Linux\DotNext.Profiler.Linux.vcxproj", "{2DC0CD84-CA15-478B-8C5A-0BE3B0906FEB}"
EndProject
Project("{9A19103F-16F7-4668-BE54-9A1E7A4F7556}") = "MandelbrotSet", "Apps\MandelbrotSet\MandelbrotSet.csproj", "{83F4B6B7-93A7-4CD7-9E74-22C9EAE5D88D}"
EndProject
Project("{9A19103F-16F7-4668-BE54-9A1E7A4F7556}") = "PrimesCalc", "Apps\PrimesCalc\PrimesCalc.csproj", "{160F3207-8DF4-4955-84CD-74B65000B147}"
EndProject
Project("{9A19103F-16F7-4668-BE54-9A1E7A4F7556}") = "Calculators", "Apps\Calculators\Calculators.csproj", "{CC8FBDF4-88A4-4452-BD1B-44CF56017661}"
EndProject
Project("{8BC9CEB8-8B4A-11D0-8D11-00A0C91BC942}") = "LogView", "LogView\LogView.vcxproj", "{0E5DB300-0DB6-448C-9F86-8E8743446819}"
EndProject
Project("{9A19103F-16F7-4668-BE54-9A1E7A4F7556}") = "SimpleWeb", "Apps\SimpleWeb\SimpleWeb.csproj", "{E78A9D5D-FAC0-4BC4-BA09-16A389995D34}"
EndProject
Project("{2150E333-8FDC-42A3-9474-1A3956D46DE8}") = "Tools", "Tools", "{2E5E0CDF-E674-48D4-A966-BAE42E1199AA}"
EndProject
Global
	GlobalSection(SharedMSBuildProjectFiles) = preSolution
		DotNext.Profiler.Shared\DotNext.Profiler.Shared.vcxitems*{2dc0cd84-ca15-478b-8c5a-0be3b0906feb}*SharedItemsImports = 4
		DotNext.Profiler.Shared\DotNext.Profiler.Shared.vcxitems*{40514dd4-9712-449f-8571-ec4e6fd2eb31}*SharedItemsImports = 9
		DotNext.Profiler.Shared\DotNext.Profiler.Shared.vcxitems*{5ff8787b-1e42-4f50-967c-4a7506577009}*SharedItemsImports = 4
	EndGlobalSection
	GlobalSection(SolutionConfigurationPlatforms) = preSolution
		Debug|Any CPU = Debug|Any CPU
		Debug|x64 = Debug|x64
		Debug|x86 = Debug|x86
		Release|Any CPU = Release|Any CPU
		Release|x64 = Release|x64
		Release|x86 = Release|x86
	EndGlobalSection
	GlobalSection(ProjectConfigurationPlatforms) = postSolution
		{5FF8787B-1E42-4F50-967C-4A7506577009}.Debug|Any CPU.ActiveCfg = Debug|Win32
		{5FF8787B-1E42-4F50-967C-4A7506577009}.Debug|x64.ActiveCfg = Debug|x64
		{5FF8787B-1E42-4F50-967C-4A7506577009}.Debug|x64.Build.0 = Debug|x64
		{5FF8787B-1E42-4F50-967C-4A7506577009}.Debug|x86.ActiveCfg = Debug|Win32
		{5FF8787B-1E42-4F50-967C-4A7506577009}.Debug|x86.Build.0 = Debug|Win32
		{5FF8787B-1E42-4F50-967C-4A7506577009}.Release|Any CPU.ActiveCfg = Release|Win32
		{5FF8787B-1E42-4F50-967C-4A7506577009}.Release|x64.ActiveCfg = Release|x64
		{5FF8787B-1E42-4F50-967C-4A7506577009}.Release|x64.Build.0 = Release|x64
		{5FF8787B-1E42-4F50-967C-4A7506577009}.Release|x86.ActiveCfg = Release|Win32
		{5FF8787B-1E42-4F50-967C-4A7506577009}.Release|x86.Build.0 = Release|Win32
		{2DC0CD84-CA15-478B-8C5A-0BE3B0906FEB}.Debug|Any CPU.ActiveCfg = Debug|x86
		{2DC0CD84-CA15-478B-8C5A-0BE3B0906FEB}.Debug|x64.ActiveCfg = Debug|x64
		{2DC0CD84-CA15-478B-8C5A-0BE3B0906FEB}.Debug|x64.Build.0 = Debug|x64
		{2DC0CD84-CA15-478B-8C5A-0BE3B0906FEB}.Debug|x64.Deploy.0 = Debug|x64
		{2DC0CD84-CA15-478B-8C5A-0BE3B0906FEB}.Debug|x86.ActiveCfg = Debug|x86
		{2DC0CD84-CA15-478B-8C5A-0BE3B0906FEB}.Debug|x86.Build.0 = Debug|x86
		{2DC0CD84-CA15-478B-8C5A-0BE3B0906FEB}.Debug|x86.Deploy.0 = Debug|x86
		{2DC0CD84-CA15-478B-8C5A-0BE3B0906FEB}.Release|Any CPU.ActiveCfg = Release|x86
		{2DC0CD84-CA15-478B-8C5A-0BE3B0906FEB}.Release|x64.ActiveCfg = Release|x64
		{2DC0CD84-CA15-478B-8C5A-0BE3B0906FEB}.Release|x64.Build.0 = Release|x64
		{2DC0CD84-CA15-478B-8C5A-0BE3B0906FEB}.Release|x64.Deploy.0 = Release|x64
		{2DC0CD84-CA15-478B-8C5A-0BE3B0906FEB}.Release|x86.ActiveCfg = Release|x86
		{2DC0CD84-CA15-478B-8C5A-0BE3B0906FEB}.Release|x86.Build.0 = Release|x86
		{2DC0CD84-CA15-478B-8C5A-0BE3B0906FEB}.Release|x86.Deploy.0 = Release|x86
		{83F4B6B7-93A7-4CD7-9E74-22C9EAE5D88D}.Debug|Any CPU.ActiveCfg = Debug|Any CPU
		{83F4B6B7-93A7-4CD7-9E74-22C9EAE5D88D}.Debug|Any CPU.Build.0 = Debug|Any CPU
		{83F4B6B7-93A7-4CD7-9E74-22C9EAE5D88D}.Debug|x64.ActiveCfg = Debug|Any CPU
		{83F4B6B7-93A7-4CD7-9E74-22C9EAE5D88D}.Debug|x64.Build.0 = Debug|Any CPU
		{83F4B6B7-93A7-4CD7-9E74-22C9EAE5D88D}.Debug|x86.ActiveCfg = Debug|Any CPU
		{83F4B6B7-93A7-4CD7-9E74-22C9EAE5D88D}.Debug|x86.Build.0 = Debug|Any CPU
		{83F4B6B7-93A7-4CD7-9E74-22C9EAE5D88D}.Release|Any CPU.ActiveCfg = Release|Any CPU
		{83F4B6B7-93A7-4CD7-9E74-22C9EAE5D88D}.Release|Any CPU.Build.0 = Release|Any CPU
		{83F4B6B7-93A7-4CD7-9E74-22C9EAE5D88D}.Release|x64.ActiveCfg = Release|Any CPU
		{83F4B6B7-93A7-4CD7-9E74-22C9EAE5D88D}.Release|x64.Build.0 = Release|Any CPU
		{83F4B6B7-93A7-4CD7-9E74-22C9EAE5D88D}.Release|x86.ActiveCfg = Release|Any CPU
		{83F4B6B7-93A7-4CD7-9E74-22C9EAE5D88D}.Release|x86.Build.0 = Release|Any CPU
		{160F3207-8DF4-4955-84CD-74B65000B147}.Debug|Any CPU.ActiveCfg = Debug|Any CPU
		{160F3207-8DF4-4955-84CD-74B65000B147}.Debug|Any CPU.Build.0 = Debug|Any CPU
		{160F3207-8DF4-4955-84CD-74B65000B147}.Debug|x64.ActiveCfg = Debug|Any CPU
		{160F3207-8DF4-4955-84CD-74B65000B147}.Debug|x64.Build.0 = Debug|Any CPU
		{160F3207-8DF4-4955-84CD-74B65000B147}.Debug|x86.ActiveCfg = Debug|Any CPU
		{160F3207-8DF4-4955-84CD-74B65000B147}.Debug|x86.Build.0 = Debug|Any CPU
		{160F3207-8DF4-4955-84CD-74B65000B147}.Release|Any CPU.ActiveCfg = Release|Any CPU
		{160F3207-8DF4-4955-84CD-74B65000B147}.Release|Any CPU.Build.0 = Release|Any CPU
		{160F3207-8DF4-4955-84CD-74B65000B147}.Release|x64.ActiveCfg = Release|Any CPU
		{160F3207-8DF4-4955-84CD-74B65000B147}.Release|x64.Build.0 = Release|Any CPU
		{160F3207-8DF4-4955-84CD-74B65000B147}.Release|x86.ActiveCfg = Release|Any CPU
		{160F3207-8DF4-4955-84CD-74B65000B147}.Release|x86.Build.0 = Release|Any CPU
		{CC8FBDF4-88A4-4452-BD1B-44CF56017661}.Debug|Any CPU.ActiveCfg = Debug|Any CPU
		{CC8FBDF4-88A4-4452-BD1B-44CF56017661}.Debug|Any CPU.Build.0 = Debug|Any CPU
		{CC8FBDF4-88A4-4452-BD1B-44CF56017661}.Debug|x64.ActiveCfg = Debug|Any CPU
		{CC8FBDF4-88A4-4452-BD1B-44CF56017661}.Debug|x64.Build.0 = Debug|Any CPU
		{CC8FBDF4-88A4-4452-BD1B-44CF56017661}.Debug|x86.ActiveCfg = Debug|Any CPU
		{CC8FBDF4-88A4-4452-BD1B-44CF56017661}.Debug|x86.Build.0 = Debug|Any CPU
		{CC8FBDF4-88A4-4452-BD1B-44CF56017661}.Release|Any CPU.ActiveCfg = Release|Any CPU
		{CC8FBDF4-88A4-4452-BD1B-44CF56017661}.Release|Any CPU.Build.0 = Release|Any CPU
		{CC8FBDF4-88A4-4452-BD1B-44CF56017661}.Release|x64.ActiveCfg = Release|Any CPU
		{CC8FBDF4-88A4-4452-BD1B-44CF56017661}.Release|x64.Build.0 = Release|Any CPU
		{CC8FBDF4-88A4-4452-BD1B-44CF56017661}.Release|x86.ActiveCfg = Release|Any CPU
		{CC8FBDF4-88A4-4452-BD1B-44CF56017661}.Release|x86.Build.0 = Release|Any CPU
		{0E5DB300-0DB6-448C-9F86-8E8743446819}.Debug|Any CPU.ActiveCfg = Debug|Win32
		{0E5DB300-0DB6-448C-9F86-8E8743446819}.Debug|x64.ActiveCfg = Debug|x64
		{0E5DB300-0DB6-448C-9F86-8E8743446819}.Debug|x64.Build.0 = Debug|x64
		{0E5DB300-0DB6-448C-9F86-8E8743446819}.Debug|x86.ActiveCfg = Debug|Win32
		{0E5DB300-0DB6-448C-9F86-8E8743446819}.Debug|x86.Build.0 = Debug|Win32
		{0E5DB300-0DB6-448C-9F86-8E8743446819}.Release|Any CPU.ActiveCfg = Release|Win32
		{0E5DB300-0DB6-448C-9F86-8E8743446819}.Release|x64.ActiveCfg = Release|x64
		{0E5DB300-0DB6-448C-9F86-8E8743446819}.Release|x64.Build.0 = Release|x64
		{0E5DB300-0DB6-448C-9F86-8E8743446819}.Release|x86.ActiveCfg = Release|Win32
		{0E5DB300-0DB6-448C-9F86-8E8743446819}.Release|x86.Build.0 = Release|Win32
		{E78A9D5D-FAC0-4BC4-BA09-16A389995D34}.Debug|Any CPU.ActiveCfg = Debug|Any CPU
		{E78A9D5D-FAC0-4BC4-BA09-16A389995D34}.Debug|Any CPU.Build.0 = Debug|Any CPU
		{E78A9D5D-FAC0-4BC4-BA09-16A389995D34}.Debug|x64.ActiveCfg = Debug|Any CPU
		{E78A9D5D-FAC0-4BC4-BA09-16A389995D34}.Debug|x64.Build.0 = Debug|Any CPU
		{E78A9D5D-FAC0-4BC4-BA09-16A389995D34}.Debug|x86.ActiveCfg = Debug|Any CPU
		{E78A9D5D-FAC0-4BC4-BA09-16A389995D34}.Debug|x86.Build.0 = Debug|Any CPU
		{E78A9D5D-FAC0-4BC4-BA09-16A389995D34}.Release|Any CPU.ActiveCfg = Release|Any CPU
		{E78A9D5D-FAC0-4BC4-BA09-16A389995D34}.Release|Any CPU.Build.0 = Release|Any CPU
		{E78A9D5D-FAC0-4BC4-BA09-16A389995D34}.Release|x64.ActiveCfg = Release|Any CPU
		{E78A9D5D-FAC0-4BC4-BA09-16A389995D34}.Release|x64.Build.0 = Release|Any CPU
		{E78A9D5D-FAC0-4BC4-BA09-16A389995D34}.Release|x86.ActiveCfg = Release|Any CPU
		{E78A9D5D-FAC0-4BC4-BA09-16A389995D34}.Release|x86.Build.0 = Release|Any CPU
	EndGlobalSection
	GlobalSection(SolutionProperties) = preSolution
		HideSolutionNode = FALSE
	EndGlobalSection
	GlobalSection(NestedProjects) = preSolution
		{40514DD4-9712-449F-8571-EC4E6FD2EB31} = {2DA49378-22DB-4B89-8BD0-B978839DA248}
		{5FF8787B-1E42-4F50-967C-4A7506577009} = {2DA49378-22DB-4B89-8BD0-B978839DA248}
		{2DC0CD84-CA15-478B-8C5A-0BE3B0906FEB} = {2DA49378-22DB-4B89-8BD0-B978839DA248}
		{83F4B6B7-93A7-4CD7-9E74-22C9EAE5D88D} = {1FF207C9-148F-4B2E-BF07-5CAC24E79551}
		{160F3207-8DF4-4955-84CD-74B65000B147} = {1FF207C9-148F-4B2E-BF07-5CAC24E79551}
		{CC8FBDF4-88A4-4452-BD1B-44CF56017661} = {1FF207C9-148F-4B2E-BF07-5CAC24E79551}
		{0E5DB300-0DB6-448C-9F86-8E8743446819} = {2E5E0CDF-E674-48D4-A966-BAE42E1199AA}
		{E78A9D5D-FAC0-4BC4-BA09-16A389995D34} = {1FF207C9-148F-4B2E-BF07-5CAC24E79551}
	EndGlobalSection
	GlobalSection(ExtensibilityGlobals) = postSolution
		SolutionGuid = {A87AC77F-7D77-46A7-B184-D2B15919F131}
	EndGlobalSection
EndGlobal
